
Microsoft Visual Studio Solution File, Format Version 12.00
# Visual Studio Version 17
VisualStudioVersion = 17.4.33205.214
MinimumVisualStudioVersion = 10.0.40219.1
Project("{2150E333-8FDC-42A3-9474-1A3956D46DE8}") = "src", "src", "{86356EC3-DF90-42AF-A439-EBCE3E3D4112}"
EndProject
Project("{2150E333-8FDC-42A3-9474-1A3956D46DE8}") = "Solution Items", "Solution Items", "{BBDD52E3-C5F2-4A86-A87D-AC069E01B748}"
EndProject
Project("{2150E333-8FDC-42A3-9474-1A3956D46DE8}") = "tests", "tests", "{F192BFD7-0085-4E05-A8A6-75AD6520E15E}"
EndProject
Project("{9A19103F-16F7-4668-BE54-9A1E7A4F7556}") = "TP.NA.OrderService", "src\TP.NA.OrderService\TP.NA.OrderService.csproj", "{2E4A65E8-22E4-44DD-BFB6-6136F888361C}"
EndProject
Project("{9A19103F-16F7-4668-BE54-9A1E7A4F7556}") = "OrderService.Application", "src\OrderService.Application\OrderService.Application.csproj", "{F9C2116D-0DDA-4931-8951-447D7BB64C91}"
EndProject
Project("{9A19103F-16F7-4668-BE54-9A1E7A4F7556}") = "OrderService.Repository", "src\OrderService.Repository\OrderService.Repository.csproj", "{4F18BFAC-1FB7-4003-B212-4EDF781CB602}"
EndProject
Project("{9A19103F-16F7-4668-BE54-9A1E7A4F7556}") = "OrderService.Domain", "src\OrderService.Domain\OrderService.Domain.csproj", "{F5D0BF5A-814C-4817-A8A3-C4A97E0B683C}"
EndProject
Project("{9A19103F-16F7-4668-BE54-9A1E7A4F7556}") = "TP.NA.OrderServiceTest", "tests\TP.NA.OrderServiceTest\TP.NA.OrderServiceTest.csproj", "{0AEFCBAB-C29A-4CE2-9BED-DED55E5F35FC}"
EndProject
Global
	GlobalSection(SolutionConfigurationPlatforms) = preSolution
		Debug|Any CPU = Debug|Any CPU
		Release|Any CPU = Release|Any CPU
	EndGlobalSection
	GlobalSection(ProjectConfigurationPlatforms) = postSolution
		{2E4A65E8-22E4-44DD-BFB6-6136F888361C}.Debug|Any CPU.ActiveCfg = Debug|Any CPU
		{2E4A65E8-22E4-44DD-BFB6-6136F888361C}.Debug|Any CPU.Build.0 = Debug|Any CPU
		{2E4A65E8-22E4-44DD-BFB6-6136F888361C}.Release|Any CPU.ActiveCfg = Release|Any CPU
		{2E4A65E8-22E4-44DD-BFB6-6136F888361C}.Release|Any CPU.Build.0 = Release|Any CPU
		{F9C2116D-0DDA-4931-8951-447D7BB64C91}.Debug|Any CPU.ActiveCfg = Debug|Any CPU
		{F9C2116D-0DDA-4931-8951-447D7BB64C91}.Debug|Any CPU.Build.0 = Debug|Any CPU
		{F9C2116D-0DDA-4931-8951-447D7BB64C91}.Release|Any CPU.ActiveCfg = Release|Any CPU
		{F9C2116D-0DDA-4931-8951-447D7BB64C91}.Release|Any CPU.Build.0 = Release|Any CPU
		{4F18BFAC-1FB7-4003-B212-4EDF781CB602}.Debug|Any CPU.ActiveCfg = Debug|Any CPU
		{4F18BFAC-1FB7-4003-B212-4EDF781CB602}.Debug|Any CPU.Build.0 = Debug|Any CPU
		{4F18BFAC-1FB7-4003-B212-4EDF781CB602}.Release|Any CPU.ActiveCfg = Release|Any CPU
		{4F18BFAC-1FB7-4003-B212-4EDF781CB602}.Release|Any CPU.Build.0 = Release|Any CPU
		{F5D0BF5A-814C-4817-A8A3-C4A97E0B683C}.Debug|Any CPU.ActiveCfg = Debug|Any CPU
		{F5D0BF5A-814C-4817-A8A3-C4A97E0B683C}.Debug|Any CPU.Build.0 = Debug|Any CPU
		{F5D0BF5A-814C-4817-A8A3-C4A97E0B683C}.Release|Any CPU.ActiveCfg = Release|Any CPU
		{F5D0BF5A-814C-4817-A8A3-C4A97E0B683C}.Release|Any CPU.Build.0 = Release|Any CPU
		{0AEFCBAB-C29A-4CE2-9BED-DED55E5F35FC}.Debug|Any CPU.ActiveCfg = Debug|Any CPU
		{0AEFCBAB-C29A-4CE2-9BED-DED55E5F35FC}.Debug|Any CPU.Build.0 = Debug|Any CPU
		{0AEFCBAB-C29A-4CE2-9BED-DED55E5F35FC}.Release|Any CPU.ActiveCfg = Release|Any CPU
		{0AEFCBAB-C29A-4CE2-9BED-DED55E5F35FC}.Release|Any CPU.Build.0 = Release|Any CPU
	EndGlobalSection
	GlobalSection(SolutionProperties) = preSolution
		HideSolutionNode = FALSE
	EndGlobalSection
	GlobalSection(NestedProjects) = preSolution
		{2E4A65E8-22E4-44DD-BFB6-6136F888361C} = {86356EC3-DF90-42AF-A439-EBCE3E3D4112}
		{F9C2116D-0DDA-4931-8951-447D7BB64C91} = {86356EC3-DF90-42AF-A439-EBCE3E3D4112}
		{4F18BFAC-1FB7-4003-B212-4EDF781CB602} = {86356EC3-DF90-42AF-A439-EBCE3E3D4112}
		{F5D0BF5A-814C-4817-A8A3-C4A97E0B683C} = {86356EC3-DF90-42AF-A439-EBCE3E3D4112}
		{0AEFCBAB-C29A-4CE2-9BED-DED55E5F35FC} = {F192BFD7-0085-4E05-A8A6-75AD6520E15E}
	EndGlobalSection
	GlobalSection(ExtensibilityGlobals) = postSolution
		SolutionGuid = {19CFF321-4E47-47E1-B297-C0569115C393}
	EndGlobalSection
EndGlobal
